
Microsoft Visual Studio Solution File, Format Version 12.00
# Visual Studio Version 17
VisualStudioVersion = 17.2.32516.85
MinimumVisualStudioVersion = 10.0.40219.1
Project("{888888A0-9F3D-457C-B088-3A5042F75D52}") = "Rock, Paper, Sissors", "Rock, Paper, Sissors.pyproj", "{33B8C6CC-8212-43F4-A3A2-FCA64C992BC4}"
EndProject
Global
	GlobalSection(SolutionConfigurationPlatforms) = preSolution
		Debug|Any CPU = Debug|Any CPU
		Release|Any CPU = Release|Any CPU
	EndGlobalSection
	GlobalSection(ProjectConfigurationPlatforms) = postSolution
		{33B8C6CC-8212-43F4-A3A2-FCA64C992BC4}.Debug|Any CPU.ActiveCfg = Debug|Any CPU
		{33B8C6CC-8212-43F4-A3A2-FCA64C992BC4}.Release|Any CPU.ActiveCfg = Release|Any CPU
	EndGlobalSection
	GlobalSection(SolutionProperties) = preSolution
		HideSolutionNode = FALSE
	EndGlobalSection
	GlobalSection(ExtensibilityGlobals) = postSolution
		SolutionGuid = {33E20FB0-2EB0-49C9-94BF-CB6C69CDBB46}
	EndGlobalSection
EndGlobal
